
Microsoft Visual Studio Solution File, Format Version 12.00
# Visual Studio Version 17
VisualStudioVersion = 17.13.35825.156 d17.13
MinimumVisualStudioVersion = 10.0.40219.1
Project("{FAE04EC0-301F-11D3-BF4B-00C04F79EFBC}") = "Lab1", "Lab1.csproj", "{04BBB2BF-2C00-4C0E-9372-99702140328C}"
EndProject
Global
	GlobalSection(SolutionConfigurationPlatforms) = preSolution
		Debug|Any CPU = Debug|Any CPU
		Release|Any CPU = Release|Any CPU
	EndGlobalSection
	GlobalSection(ProjectConfigurationPlatforms) = postSolution
		{04BBB2BF-2C00-4C0E-9372-99702140328C}.Debug|Any CPU.ActiveCfg = Debug|Any CPU
		{04BBB2BF-2C00-4C0E-9372-99702140328C}.Debug|Any CPU.Build.0 = Debug|Any CPU
		{04BBB2BF-2C00-4C0E-9372-99702140328C}.Release|Any CPU.ActiveCfg = Release|Any CPU
		{04BBB2BF-2C00-4C0E-9372-99702140328C}.Release|Any CPU.Build.0 = Release|Any CPU
	EndGlobalSection
	GlobalSection(SolutionProperties) = preSolution
		HideSolutionNode = FALSE
	EndGlobalSection
	GlobalSection(ExtensibilityGlobals) = postSolution
		SolutionGuid = {E035C0D3-FF91-4DFC-ABA8-37B6511C2373}
	EndGlobalSection
EndGlobal
