
Microsoft Visual Studio Solution File, Format Version 12.00
# Visual Studio Version 17
VisualStudioVersion = 17.13.35825.156 d17.13
MinimumVisualStudioVersion = 10.0.40219.1
Project("{FAE04EC0-301F-11D3-BF4B-00C04F79EFBC}") = "Lab2", "Lab2.csproj", "{03D4982A-0748-452D-939F-E785F812373B}"
EndProject
Global
	GlobalSection(SolutionConfigurationPlatforms) = preSolution
		Debug|Any CPU = Debug|Any CPU
		Release|Any CPU = Release|Any CPU
	EndGlobalSection
	GlobalSection(ProjectConfigurationPlatforms) = postSolution
		{03D4982A-0748-452D-939F-E785F812373B}.Debug|Any CPU.ActiveCfg = Debug|Any CPU
		{03D4982A-0748-452D-939F-E785F812373B}.Debug|Any CPU.Build.0 = Debug|Any CPU
		{03D4982A-0748-452D-939F-E785F812373B}.Release|Any CPU.ActiveCfg = Release|Any CPU
		{03D4982A-0748-452D-939F-E785F812373B}.Release|Any CPU.Build.0 = Release|Any CPU
	EndGlobalSection
	GlobalSection(SolutionProperties) = preSolution
		HideSolutionNode = FALSE
	EndGlobalSection
	GlobalSection(ExtensibilityGlobals) = postSolution
		SolutionGuid = {1922EDA2-B7E4-4414-B2CF-0A6F943BA8AA}
	EndGlobalSection
EndGlobal
